github.com/hashicorp/go-immutable-radix/v2 v2.1.0 h1:CUW5RYIcysz+D3B+l1mDeXrQ7fUvGGCwJfdASSzbrfo=
github.com/hashicorp/go-immutable-radix/v2 v2.1.0/go.mod h1:hgdqLXA4f6NIjRVisM1TJ9aOJVNRqKZj+xDGF6m7PBw=
github.com/hashicorp/go-uuid v1.0.3 h1:2gKiV6YVmrJ1i2CKKa9obLvRieoRGviZFL26PcT/Co8=
github.com/hashicorp/go-uuid v1.0.3/go.mod h1:6SBZvOh/SIDV7/2o3Jml5SYk/TvGqwFJ/bN7x4byOro=
github.com/hashicorp/golang-lru/v2 v2.0.0 h1:Lf+9eD8m5pncvHAOCQj49GSN6aQI8XGfI5OpXNkoWaA=
github.com/hashicorp/golang-lru/v2 v2.0.0/go.mod h1:QeFd9opnmA6QUJc5vARoKUSoFhyfM2/ZepoAG6RGpeM=
golang.org/x/exp v0.0.0-20221215174704-0915cd710c24 h1:6w3iSY8IIkp5OQtbYj8NeuKG1jS9d+kYaubXqsoOiQ8=
golang.org/x/exp v0.0.0-20221215174704-0915cd710c24/go.mod h1:CxIveKay+FTh1D0yPZemJVgC/95VzuuOLq5Qi4xnoYc=
